
Microsoft Visual Studio Solution File, Format Version 12.00
# Visual Studio 2012
Project("{FAE04EC0-301F-11D3-BF4B-00C04F79EFBC}") = "PasswordStrongMeasure", "PasswordStrongMeasure\PasswordStrongMeasure.csproj", "{880D57C3-2FB7-47B8-81D2-1C6DC7957B24}"
EndProject
Project("{FAE04EC0-301F-11D3-BF4B-00C04F79EFBC}") = "TestPassword", "TestPassword\TestPassword.csproj", "{22B2609F-E124-4C25-BE71-69B80B672AC0}"
EndProject
Global
	GlobalSection(SolutionConfigurationPlatforms) = preSolution
		Debug|Any CPU = Debug|Any CPU
		Release|Any CPU = Release|Any CPU
	EndGlobalSection
	GlobalSection(ProjectConfigurationPlatforms) = postSolution
		{880D57C3-2FB7-47B8-81D2-1C6DC7957B24}.Debug|Any CPU.ActiveCfg = Debug|Any CPU
		{880D57C3-2FB7-47B8-81D2-1C6DC7957B24}.Debug|Any CPU.Build.0 = Debug|Any CPU
		{880D57C3-2FB7-47B8-81D2-1C6DC7957B24}.Release|Any CPU.ActiveCfg = Release|Any CPU
		{880D57C3-2FB7-47B8-81D2-1C6DC7957B24}.Release|Any CPU.Build.0 = Release|Any CPU
		{22B2609F-E124-4C25-BE71-69B80B672AC0}.Debug|Any CPU.ActiveCfg = Debug|Any CPU
		{22B2609F-E124-4C25-BE71-69B80B672AC0}.Debug|Any CPU.Build.0 = Debug|Any CPU
		{22B2609F-E124-4C25-BE71-69B80B672AC0}.Release|Any CPU.ActiveCfg = Release|Any CPU
		{22B2609F-E124-4C25-BE71-69B80B672AC0}.Release|Any CPU.Build.0 = Release|Any CPU
	EndGlobalSection
	GlobalSection(SolutionProperties) = preSolution
		HideSolutionNode = FALSE
	EndGlobalSection
EndGlobal
